
Microsoft Visual Studio Solution File, Format Version 12.00
# Visual Studio Version 18
VisualStudioVersion = 18.3.11312.210
MinimumVisualStudioVersion = 10.0.40219.1
Project("{9A19103F-16F7-4668-BE54-9A1E7A4F7556}") = "Cause.SecurityManagement.Core", "Cause.SecurityManagement.Core\Cause.SecurityManagement.Core.csproj", "{61B910FF-38E3-4A56-937E-76ADD3D5ABF4}"
EndProject
Project("{9A19103F-16F7-4668-BE54-9A1E7A4F7556}") = "Cause.SecurityManagement.Models", "Cause.SecurityManagement.Models\Cause.SecurityManagement.Models.csproj", "{73A465C1-FEF8-4317-975C-91168D04CEC1}"
EndProject
Project("{9A19103F-16F7-4668-BE54-9A1E7A4F7556}") = "Cause.SecurityManagement.Tests", "Cause.SecurityManagement.Tests\Cause.SecurityManagement.Tests.csproj", "{085F3934-F5DA-4EDC-99B1-DE0BCBABDD0B}"
EndProject
Project("{2150E333-8FDC-42A3-9474-1A3956D46DE8}") = "Solution Items", "Solution Items", "{02EA681E-C7D8-13C7-8484-4AC65E1B71E8}"
	ProjectSection(SolutionItems) = preProject
		.editorconfig = .editorconfig
	EndProjectSection
EndProject
Project("{FAE04EC0-301F-11D3-BF4B-00C04F79EFBC}") = "Cause.SecurityManagement.Integration.Tests", "Cause.SecurityManagement.Integration.Tests\Cause.SecurityManagement.Integration.Tests.csproj", "{6C9357BB-C488-496F-A549-2A5C344D9832}"
EndProject
Project("{FAE04EC0-301F-11D3-BF4B-00C04F79EFBC}") = "Cause.SecurityManagement", "Cause.SecurityManagement\Cause.SecurityManagement.csproj", "{D41B0EFC-58C8-4B02-A615-16AAF97825FB}"
EndProject
Project("{FAE04EC0-301F-11D3-BF4B-00C04F79EFBC}") = "Cause.SecurityManagement.Wolverine", "Cause.SecurityManagement.Wolverine\Cause.SecurityManagement.Wolverine.csproj", "{5D3621E6-C958-4FA4-B88C-96BB52712AB6}"
EndProject
Project("{FAE04EC0-301F-11D3-BF4B-00C04F79EFBC}") = "Cause.SecurityManagement.Wolverine.Tests", "Cause.SecurityManagement.Wolverine.Tests\Cause.SecurityManagement.Wolverine.Tests.csproj", "{11DB84AD-FD22-4ED8-A3F4-5F7F6D6AF33B}"
EndProject
Global
	GlobalSection(SolutionConfigurationPlatforms) = preSolution
		Debug|Any CPU = Debug|Any CPU
		Debug|x64 = Debug|x64
		Debug|x86 = Debug|x86
		NuGet|Any CPU = NuGet|Any CPU
		NuGet|x64 = NuGet|x64
		NuGet|x86 = NuGet|x86
		Release|Any CPU = Release|Any CPU
		Release|x64 = Release|x64
		Release|x86 = Release|x86
	EndGlobalSection
	GlobalSection(ProjectConfigurationPlatforms) = postSolution
		{61B910FF-38E3-4A56-937E-76ADD3D5ABF4}.Debug|Any CPU.ActiveCfg = Debug|Any CPU
		{61B910FF-38E3-4A56-937E-76ADD3D5ABF4}.Debug|Any CPU.Build.0 = Debug|Any CPU
		{61B910FF-38E3-4A56-937E-76ADD3D5ABF4}.Debug|x64.ActiveCfg = Debug|Any CPU
		{61B910FF-38E3-4A56-937E-76ADD3D5ABF4}.Debug|x64.Build.0 = Debug|Any CPU
		{61B910FF-38E3-4A56-937E-76ADD3D5ABF4}.Debug|x86.ActiveCfg = Debug|Any CPU
		{61B910FF-38E3-4A56-937E-76ADD3D5ABF4}.Debug|x86.Build.0 = Debug|Any CPU
		{61B910FF-38E3-4A56-937E-76ADD3D5ABF4}.NuGet|Any CPU.ActiveCfg = NuGet|Any CPU
		{61B910FF-38E3-4A56-937E-76ADD3D5ABF4}.NuGet|Any CPU.Build.0 = NuGet|Any CPU
		{61B910FF-38E3-4A56-937E-76ADD3D5ABF4}.NuGet|x64.ActiveCfg = NuGet|Any CPU
		{61B910FF-38E3-4A56-937E-76ADD3D5ABF4}.NuGet|x64.Build.0 = NuGet|Any CPU
		{61B910FF-38E3-4A56-937E-76ADD3D5ABF4}.NuGet|x86.ActiveCfg = NuGet|Any CPU
		{61B910FF-38E3-4A56-937E-76ADD3D5ABF4}.NuGet|x86.Build.0 = NuGet|Any CPU
		{61B910FF-38E3-4A56-937E-76ADD3D5ABF4}.Release|Any CPU.ActiveCfg = Release|Any CPU
		{61B910FF-38E3-4A56-937E-76ADD3D5ABF4}.Release|Any CPU.Build.0 = Release|Any CPU
		{61B910FF-38E3-4A56-937E-76ADD3D5ABF4}.Release|x64.ActiveCfg = Release|Any CPU
		{61B910FF-38E3-4A56-937E-76ADD3D5ABF4}.Release|x64.Build.0 = Release|Any CPU
		{61B910FF-38E3-4A56-937E-76ADD3D5ABF4}.Release|x86.ActiveCfg = Release|Any CPU
		{61B910FF-38E3-4A56-937E-76ADD3D5ABF4}.Release|x86.Build.0 = Release|Any CPU
		{73A465C1-FEF8-4317-975C-91168D04CEC1}.Debug|Any CPU.ActiveCfg = Debug|Any CPU
		{73A465C1-FEF8-4317-975C-91168D04CEC1}.Debug|Any CPU.Build.0 = Debug|Any CPU
		{73A465C1-FEF8-4317-975C-91168D04CEC1}.Debug|x64.ActiveCfg = Debug|Any CPU
		{73A465C1-FEF8-4317-975C-91168D04CEC1}.Debug|x64.Build.0 = Debug|Any CPU
		{73A465C1-FEF8-4317-975C-91168D04CEC1}.Debug|x86.ActiveCfg = Debug|Any CPU
		{73A465C1-FEF8-4317-975C-91168D04CEC1}.Debug|x86.Build.0 = Debug|Any CPU
		{73A465C1-FEF8-4317-975C-91168D04CEC1}.NuGet|Any CPU.ActiveCfg = NuGet|Any CPU
		{73A465C1-FEF8-4317-975C-91168D04CEC1}.NuGet|Any CPU.Build.0 = NuGet|Any CPU
		{73A465C1-FEF8-4317-975C-91168D04CEC1}.NuGet|x64.ActiveCfg = NuGet|Any CPU
		{73A465C1-FEF8-4317-975C-91168D04CEC1}.NuGet|x64.Build.0 = NuGet|Any CPU
		{73A465C1-FEF8-4317-975C-91168D04CEC1}.NuGet|x86.ActiveCfg = NuGet|Any CPU
		{73A465C1-FEF8-4317-975C-91168D04CEC1}.NuGet|x86.Build.0 = NuGet|Any CPU
		{73A465C1-FEF8-4317-975C-91168D04CEC1}.Release|Any CPU.ActiveCfg = Release|Any CPU
		{73A465C1-FEF8-4317-975C-91168D04CEC1}.Release|Any CPU.Build.0 = Release|Any CPU
		{73A465C1-FEF8-4317-975C-91168D04CEC1}.Release|x64.ActiveCfg = Release|Any CPU
		{73A465C1-FEF8-4317-975C-91168D04CEC1}.Release|x64.Build.0 = Release|Any CPU
		{73A465C1-FEF8-4317-975C-91168D04CEC1}.Release|x86.ActiveCfg = Release|Any CPU
		{73A465C1-FEF8-4317-975C-91168D04CEC1}.Release|x86.Build.0 = Release|Any CPU
		{085F3934-F5DA-4EDC-99B1-DE0BCBABDD0B}.Debug|Any CPU.ActiveCfg = Debug|Any CPU
		{085F3934-F5DA-4EDC-99B1-DE0BCBABDD0B}.Debug|Any CPU.Build.0 = Debug|Any CPU
		{085F3934-F5DA-4EDC-99B1-DE0BCBABDD0B}.Debug|x64.ActiveCfg = Debug|Any CPU
		{085F3934-F5DA-4EDC-99B1-DE0BCBABDD0B}.Debug|x64.Build.0 = Debug|Any CPU
		{085F3934-F5DA-4EDC-99B1-DE0BCBABDD0B}.Debug|x86.ActiveCfg = Debug|Any CPU
		{085F3934-F5DA-4EDC-99B1-DE0BCBABDD0B}.Debug|x86.Build.0 = Debug|Any CPU
		{085F3934-F5DA-4EDC-99B1-DE0BCBABDD0B}.NuGet|Any CPU.ActiveCfg = Debug|Any CPU
		{085F3934-F5DA-4EDC-99B1-DE0BCBABDD0B}.NuGet|Any CPU.Build.0 = Debug|Any CPU
		{085F3934-F5DA-4EDC-99B1-DE0BCBABDD0B}.NuGet|x64.ActiveCfg = NuGet|Any CPU
		{085F3934-F5DA-4EDC-99B1-DE0BCBABDD0B}.NuGet|x64.Build.0 = NuGet|Any CPU
		{085F3934-F5DA-4EDC-99B1-DE0BCBABDD0B}.NuGet|x86.ActiveCfg = NuGet|Any CPU
		{085F3934-F5DA-4EDC-99B1-DE0BCBABDD0B}.NuGet|x86.Build.0 = NuGet|Any CPU
		{085F3934-F5DA-4EDC-99B1-DE0BCBABDD0B}.Release|Any CPU.ActiveCfg = Release|Any CPU
		{085F3934-F5DA-4EDC-99B1-DE0BCBABDD0B}.Release|Any CPU.Build.0 = Release|Any CPU
		{085F3934-F5DA-4EDC-99B1-DE0BCBABDD0B}.Release|x64.ActiveCfg = Release|Any CPU
		{085F3934-F5DA-4EDC-99B1-DE0BCBABDD0B}.Release|x64.Build.0 = Release|Any CPU
		{085F3934-F5DA-4EDC-99B1-DE0BCBABDD0B}.Release|x86.ActiveCfg = Release|Any CPU
		{085F3934-F5DA-4EDC-99B1-DE0BCBABDD0B}.Release|x86.Build.0 = Release|Any CPU
		{6C9357BB-C488-496F-A549-2A5C344D9832}.Debug|Any CPU.ActiveCfg = Debug|Any CPU
		{6C9357BB-C488-496F-A549-2A5C344D9832}.Debug|Any CPU.Build.0 = Debug|Any CPU
		{6C9357BB-C488-496F-A549-2A5C344D9832}.Debug|x64.ActiveCfg = Debug|Any CPU
		{6C9357BB-C488-496F-A549-2A5C344D9832}.Debug|x64.Build.0 = Debug|Any CPU
		{6C9357BB-C488-496F-A549-2A5C344D9832}.Debug|x86.ActiveCfg = Debug|Any CPU
		{6C9357BB-C488-496F-A549-2A5C344D9832}.Debug|x86.Build.0 = Debug|Any CPU
		{6C9357BB-C488-496F-A549-2A5C344D9832}.NuGet|Any CPU.ActiveCfg = Debug|Any CPU
		{6C9357BB-C488-496F-A549-2A5C344D9832}.NuGet|Any CPU.Build.0 = Debug|Any CPU
		{6C9357BB-C488-496F-A549-2A5C344D9832}.NuGet|x64.ActiveCfg = NuGet|Any CPU
		{6C9357BB-C488-496F-A549-2A5C344D9832}.NuGet|x64.Build.0 = NuGet|Any CPU
		{6C9357BB-C488-496F-A549-2A5C344D9832}.NuGet|x86.ActiveCfg = NuGet|Any CPU
		{6C9357BB-C488-496F-A549-2A5C344D9832}.NuGet|x86.Build.0 = NuGet|Any CPU
		{6C9357BB-C488-496F-A549-2A5C344D9832}.Release|Any CPU.ActiveCfg = Release|Any CPU
		{6C9357BB-C488-496F-A549-2A5C344D9832}.Release|Any CPU.Build.0 = Release|Any CPU
		{6C9357BB-C488-496F-A549-2A5C344D9832}.Release|x64.ActiveCfg = Release|Any CPU
		{6C9357BB-C488-496F-A549-2A5C344D9832}.Release|x64.Build.0 = Release|Any CPU
		{6C9357BB-C488-496F-A549-2A5C344D9832}.Release|x86.ActiveCfg = Release|Any CPU
		{6C9357BB-C488-496F-A549-2A5C344D9832}.Release|x86.Build.0 = Release|Any CPU
		{D41B0EFC-58C8-4B02-A615-16AAF97825FB}.Debug|Any CPU.ActiveCfg = Debug|Any CPU
		{D41B0EFC-58C8-4B02-A615-16AAF97825FB}.Debug|Any CPU.Build.0 = Debug|Any CPU
		{D41B0EFC-58C8-4B02-A615-16AAF97825FB}.Debug|x64.ActiveCfg = Debug|Any CPU
		{D41B0EFC-58C8-4B02-A615-16AAF97825FB}.Debug|x64.Build.0 = Debug|Any CPU
		{D41B0EFC-58C8-4B02-A615-16AAF97825FB}.Debug|x86.ActiveCfg = Debug|Any CPU
		{D41B0EFC-58C8-4B02-A615-16AAF97825FB}.Debug|x86.Build.0 = Debug|Any CPU
		{D41B0EFC-58C8-4B02-A615-16AAF97825FB}.NuGet|Any CPU.ActiveCfg = Debug|Any CPU
		{D41B0EFC-58C8-4B02-A615-16AAF97825FB}.NuGet|Any CPU.Build.0 = Debug|Any CPU
		{D41B0EFC-58C8-4B02-A615-16AAF97825FB}.NuGet|x64.ActiveCfg = Debug|Any CPU
		{D41B0EFC-58C8-4B02-A615-16AAF97825FB}.NuGet|x64.Build.0 = Debug|Any CPU
		{D41B0EFC-58C8-4B02-A615-16AAF97825FB}.NuGet|x86.ActiveCfg = Debug|Any CPU
		{D41B0EFC-58C8-4B02-A615-16AAF97825FB}.NuGet|x86.Build.0 = Debug|Any CPU
		{D41B0EFC-58C8-4B02-A615-16AAF97825FB}.Release|Any CPU.ActiveCfg = Release|Any CPU
		{D41B0EFC-58C8-4B02-A615-16AAF97825FB}.Release|Any CPU.Build.0 = Release|Any CPU
		{D41B0EFC-58C8-4B02-A615-16AAF97825FB}.Release|x64.ActiveCfg = Release|Any CPU
		{D41B0EFC-58C8-4B02-A615-16AAF97825FB}.Release|x64.Build.0 = Release|Any CPU
		{D41B0EFC-58C8-4B02-A615-16AAF97825FB}.Release|x86.ActiveCfg = Release|Any CPU
		{D41B0EFC-58C8-4B02-A615-16AAF97825FB}.Release|x86.Build.0 = Release|Any CPU
		{5D3621E6-C958-4FA4-B88C-96BB52712AB6}.Debug|Any CPU.ActiveCfg = Debug|Any CPU
		{5D3621E6-C958-4FA4-B88C-96BB52712AB6}.Debug|Any CPU.Build.0 = Debug|Any CPU
		{5D3621E6-C958-4FA4-B88C-96BB52712AB6}.Debug|x64.ActiveCfg = Debug|Any CPU
		{5D3621E6-C958-4FA4-B88C-96BB52712AB6}.Debug|x64.Build.0 = Debug|Any CPU
		{5D3621E6-C958-4FA4-B88C-96BB52712AB6}.Debug|x86.ActiveCfg = Debug|Any CPU
		{5D3621E6-C958-4FA4-B88C-96BB52712AB6}.Debug|x86.Build.0 = Debug|Any CPU
		{5D3621E6-C958-4FA4-B88C-96BB52712AB6}.NuGet|Any CPU.ActiveCfg = Debug|Any CPU
		{5D3621E6-C958-4FA4-B88C-96BB52712AB6}.NuGet|Any CPU.Build.0 = Debug|Any CPU
		{5D3621E6-C958-4FA4-B88C-96BB52712AB6}.NuGet|x64.ActiveCfg = Debug|Any CPU
		{5D3621E6-C958-4FA4-B88C-96BB52712AB6}.NuGet|x64.Build.0 = Debug|Any CPU
		{5D3621E6-C958-4FA4-B88C-96BB52712AB6}.NuGet|x86.ActiveCfg = Debug|Any CPU
		{5D3621E6-C958-4FA4-B88C-96BB52712AB6}.NuGet|x86.Build.0 = Debug|Any CPU
		{5D3621E6-C958-4FA4-B88C-96BB52712AB6}.Release|Any CPU.ActiveCfg = Release|Any CPU
		{5D3621E6-C958-4FA4-B88C-96BB52712AB6}.Release|Any CPU.Build.0 = Release|Any CPU
		{5D3621E6-C958-4FA4-B88C-96BB52712AB6}.Release|x64.ActiveCfg = Release|Any CPU
		{5D3621E6-C958-4FA4-B88C-96BB52712AB6}.Release|x64.Build.0 = Release|Any CPU
		{5D3621E6-C958-4FA4-B88C-96BB52712AB6}.Release|x86.ActiveCfg = Release|Any CPU
		{5D3621E6-C958-4FA4-B88C-96BB52712AB6}.Release|x86.Build.0 = Release|Any CPU
		{11DB84AD-FD22-4ED8-A3F4-5F7F6D6AF33B}.Debug|Any CPU.ActiveCfg = Debug|Any CPU
		{11DB84AD-FD22-4ED8-A3F4-5F7F6D6AF33B}.Debug|Any CPU.Build.0 = Debug|Any CPU
		{11DB84AD-FD22-4ED8-A3F4-5F7F6D6AF33B}.Debug|x64.ActiveCfg = Debug|Any CPU
		{11DB84AD-FD22-4ED8-A3F4-5F7F6D6AF33B}.Debug|x64.Build.0 = Debug|Any CPU
		{11DB84AD-FD22-4ED8-A3F4-5F7F6D6AF33B}.Debug|x86.ActiveCfg = Debug|Any CPU
		{11DB84AD-FD22-4ED8-A3F4-5F7F6D6AF33B}.Debug|x86.Build.0 = Debug|Any CPU
		{11DB84AD-FD22-4ED8-A3F4-5F7F6D6AF33B}.NuGet|Any CPU.ActiveCfg = Debug|Any CPU
		{11DB84AD-FD22-4ED8-A3F4-5F7F6D6AF33B}.NuGet|Any CPU.Build.0 = Debug|Any CPU
		{11DB84AD-FD22-4ED8-A3F4-5F7F6D6AF33B}.NuGet|x64.ActiveCfg = Debug|Any CPU
		{11DB84AD-FD22-4ED8-A3F4-5F7F6D6AF33B}.NuGet|x64.Build.0 = Debug|Any CPU
		{11DB84AD-FD22-4ED8-A3F4-5F7F6D6AF33B}.NuGet|x86.ActiveCfg = Debug|Any CPU
		{11DB84AD-FD22-4ED8-A3F4-5F7F6D6AF33B}.NuGet|x86.Build.0 = Debug|Any CPU
		{11DB84AD-FD22-4ED8-A3F4-5F7F6D6AF33B}.Release|Any CPU.ActiveCfg = Release|Any CPU
		{11DB84AD-FD22-4ED8-A3F4-5F7F6D6AF33B}.Release|Any CPU.Build.0 = Release|Any CPU
		{11DB84AD-FD22-4ED8-A3F4-5F7F6D6AF33B}.Release|x64.ActiveCfg = Release|Any CPU
		{11DB84AD-FD22-4ED8-A3F4-5F7F6D6AF33B}.Release|x64.Build.0 = Release|Any CPU
		{11DB84AD-FD22-4ED8-A3F4-5F7F6D6AF33B}.Release|x86.ActiveCfg = Release|Any CPU
		{11DB84AD-FD22-4ED8-A3F4-5F7F6D6AF33B}.Release|x86.Build.0 = Release|Any CPU
	EndGlobalSection
	GlobalSection(SolutionProperties) = preSolution
		HideSolutionNode = FALSE
	EndGlobalSection
	GlobalSection(ExtensibilityGlobals) = postSolution
		SolutionGuid = {2FD9477A-E329-4287-BC46-AD36BCD1A2ED}
	EndGlobalSection
EndGlobal
