
Microsoft Visual Studio Solution File, Format Version 12.00
# Visual Studio Version 16
VisualStudioVersion = 16.0.29519.181
MinimumVisualStudioVersion = 10.0.40219.1
Project("{9A19103F-16F7-4668-BE54-9A1E7A4F7556}") = "Cause.SecurityManagement", "Cause.SecurityManagement\Cause.SecurityManagement.csproj", "{61B910FF-38E3-4A56-937E-76ADD3D5ABF4}"
EndProject
Project("{9A19103F-16F7-4668-BE54-9A1E7A4F7556}") = "Cause.SecurityManagement.Models", "Cause.SecurityManagement.Models\Cause.SecurityManagement.Models.csproj", "{73A465C1-FEF8-4317-975C-91168D04CEC1}"
EndProject
Project("{9A19103F-16F7-4668-BE54-9A1E7A4F7556}") = "Cause.SecurityManagement.Example", "Cause.SecurityManagement.Example\Cause.SecurityManagement.Example.csproj", "{660127F6-741F-452E-BAAD-F637BBAEE15D}"
EndProject
Project("{9A19103F-16F7-4668-BE54-9A1E7A4F7556}") = "Cauca.ApiClient", "Cause.SecurityMangement.ApiClient\Cauca.ApiClient.csproj", "{341D0A41-55D7-436B-9617-018E2BE3A57D}"
EndProject
Project("{9A19103F-16F7-4668-BE54-9A1E7A4F7556}") = "Cause.SecurityManagement.ApiClient.Tests", "Cause.SecurityManagement.ApiClient.Tests\Cause.SecurityManagement.ApiClient.Tests.csproj", "{F297F03E-ED9F-4967-ADE1-9F958F2A564F}"
EndProject
Project("{9A19103F-16F7-4668-BE54-9A1E7A4F7556}") = "Cause.SecurityManagement.ApiClient.Tester", "Cause.SecurityManagement.ApiClient.Tester\Cause.SecurityManagement.ApiClient.Tester.csproj", "{50B9F672-E36D-45C7-AAD2-79E6FB0F461A}"
EndProject
Global
	GlobalSection(SolutionConfigurationPlatforms) = preSolution
		Debug|Any CPU = Debug|Any CPU
		NuGet|Any CPU = NuGet|Any CPU
		Release|Any CPU = Release|Any CPU
	EndGlobalSection
	GlobalSection(ProjectConfigurationPlatforms) = postSolution
		{61B910FF-38E3-4A56-937E-76ADD3D5ABF4}.Debug|Any CPU.ActiveCfg = Debug|Any CPU
		{61B910FF-38E3-4A56-937E-76ADD3D5ABF4}.Debug|Any CPU.Build.0 = Debug|Any CPU
		{61B910FF-38E3-4A56-937E-76ADD3D5ABF4}.NuGet|Any CPU.ActiveCfg = NuGet|Any CPU
		{61B910FF-38E3-4A56-937E-76ADD3D5ABF4}.NuGet|Any CPU.Build.0 = NuGet|Any CPU
		{61B910FF-38E3-4A56-937E-76ADD3D5ABF4}.Release|Any CPU.ActiveCfg = Release|Any CPU
		{61B910FF-38E3-4A56-937E-76ADD3D5ABF4}.Release|Any CPU.Build.0 = Release|Any CPU
		{73A465C1-FEF8-4317-975C-91168D04CEC1}.Debug|Any CPU.ActiveCfg = Debug|Any CPU
		{73A465C1-FEF8-4317-975C-91168D04CEC1}.Debug|Any CPU.Build.0 = Debug|Any CPU
		{73A465C1-FEF8-4317-975C-91168D04CEC1}.NuGet|Any CPU.ActiveCfg = NuGet|Any CPU
		{73A465C1-FEF8-4317-975C-91168D04CEC1}.NuGet|Any CPU.Build.0 = NuGet|Any CPU
		{73A465C1-FEF8-4317-975C-91168D04CEC1}.Release|Any CPU.ActiveCfg = Release|Any CPU
		{73A465C1-FEF8-4317-975C-91168D04CEC1}.Release|Any CPU.Build.0 = Release|Any CPU
		{660127F6-741F-452E-BAAD-F637BBAEE15D}.Debug|Any CPU.ActiveCfg = Debug|Any CPU
		{660127F6-741F-452E-BAAD-F637BBAEE15D}.Debug|Any CPU.Build.0 = Debug|Any CPU
		{660127F6-741F-452E-BAAD-F637BBAEE15D}.NuGet|Any CPU.ActiveCfg = Debug|Any CPU
		{660127F6-741F-452E-BAAD-F637BBAEE15D}.NuGet|Any CPU.Build.0 = Debug|Any CPU
		{660127F6-741F-452E-BAAD-F637BBAEE15D}.Release|Any CPU.ActiveCfg = Release|Any CPU
		{660127F6-741F-452E-BAAD-F637BBAEE15D}.Release|Any CPU.Build.0 = Release|Any CPU
		{341D0A41-55D7-436B-9617-018E2BE3A57D}.Debug|Any CPU.ActiveCfg = Debug|Any CPU
		{341D0A41-55D7-436B-9617-018E2BE3A57D}.Debug|Any CPU.Build.0 = Debug|Any CPU
		{341D0A41-55D7-436B-9617-018E2BE3A57D}.NuGet|Any CPU.ActiveCfg = Debug|Any CPU
		{341D0A41-55D7-436B-9617-018E2BE3A57D}.NuGet|Any CPU.Build.0 = Debug|Any CPU
		{341D0A41-55D7-436B-9617-018E2BE3A57D}.Release|Any CPU.ActiveCfg = Release|Any CPU
		{341D0A41-55D7-436B-9617-018E2BE3A57D}.Release|Any CPU.Build.0 = Release|Any CPU
		{F297F03E-ED9F-4967-ADE1-9F958F2A564F}.Debug|Any CPU.ActiveCfg = Debug|Any CPU
		{F297F03E-ED9F-4967-ADE1-9F958F2A564F}.Debug|Any CPU.Build.0 = Debug|Any CPU
		{F297F03E-ED9F-4967-ADE1-9F958F2A564F}.NuGet|Any CPU.ActiveCfg = Debug|Any CPU
		{F297F03E-ED9F-4967-ADE1-9F958F2A564F}.NuGet|Any CPU.Build.0 = Debug|Any CPU
		{F297F03E-ED9F-4967-ADE1-9F958F2A564F}.Release|Any CPU.ActiveCfg = Release|Any CPU
		{F297F03E-ED9F-4967-ADE1-9F958F2A564F}.Release|Any CPU.Build.0 = Release|Any CPU
		{50B9F672-E36D-45C7-AAD2-79E6FB0F461A}.Debug|Any CPU.ActiveCfg = Debug|Any CPU
		{50B9F672-E36D-45C7-AAD2-79E6FB0F461A}.Debug|Any CPU.Build.0 = Debug|Any CPU
		{50B9F672-E36D-45C7-AAD2-79E6FB0F461A}.NuGet|Any CPU.ActiveCfg = Debug|Any CPU
		{50B9F672-E36D-45C7-AAD2-79E6FB0F461A}.NuGet|Any CPU.Build.0 = Debug|Any CPU
		{50B9F672-E36D-45C7-AAD2-79E6FB0F461A}.Release|Any CPU.ActiveCfg = Release|Any CPU
		{50B9F672-E36D-45C7-AAD2-79E6FB0F461A}.Release|Any CPU.Build.0 = Release|Any CPU
	EndGlobalSection
	GlobalSection(SolutionProperties) = preSolution
		HideSolutionNode = FALSE
	EndGlobalSection
	GlobalSection(ExtensibilityGlobals) = postSolution
		SolutionGuid = {2FD9477A-E329-4287-BC46-AD36BCD1A2ED}
	EndGlobalSection
EndGlobal
